
Microsoft Visual Studio Solution File, Format Version 12.00
Project("{FAE04EC0-301F-11D3-BF4B-00C04F79EFBC}") = "BestPartsDemo", "BestPartsDemo\BestPartsDemo.csproj", "{A9FFC970-2C95-4C1F-B855-0F83F3158F88}"
EndProject
Project("{FAE04EC0-301F-11D3-BF4B-00C04F79EFBC}") = "BestPartsDemo.AppHost", "BestPartsDemo.AppHost\BestPartsDemo.AppHost.csproj", "{1D2E1E63-825E-4F4F-B150-387AE08E53E7}"
EndProject
Project("{FAE04EC0-301F-11D3-BF4B-00C04F79EFBC}") = "BestPartsDemo.ServiceDefaults", "BestPartsDemo.ServiceDefaults\BestPartsDemo.ServiceDefaults.csproj", "{31470A64-5FFD-445D-8479-33B29CB78F37}"
EndProject
Global
	GlobalSection(SolutionConfigurationPlatforms) = preSolution
		Debug|Any CPU = Debug|Any CPU
		Release|Any CPU = Release|Any CPU
	EndGlobalSection
	GlobalSection(ProjectConfigurationPlatforms) = postSolution
		{A9FFC970-2C95-4C1F-B855-0F83F3158F88}.Debug|Any CPU.ActiveCfg = Debug|Any CPU
		{A9FFC970-2C95-4C1F-B855-0F83F3158F88}.Debug|Any CPU.Build.0 = Debug|Any CPU
		{A9FFC970-2C95-4C1F-B855-0F83F3158F88}.Release|Any CPU.ActiveCfg = Release|Any CPU
		{A9FFC970-2C95-4C1F-B855-0F83F3158F88}.Release|Any CPU.Build.0 = Release|Any CPU
		{1D2E1E63-825E-4F4F-B150-387AE08E53E7}.Debug|Any CPU.ActiveCfg = Debug|Any CPU
		{1D2E1E63-825E-4F4F-B150-387AE08E53E7}.Debug|Any CPU.Build.0 = Debug|Any CPU
		{1D2E1E63-825E-4F4F-B150-387AE08E53E7}.Release|Any CPU.ActiveCfg = Release|Any CPU
		{1D2E1E63-825E-4F4F-B150-387AE08E53E7}.Release|Any CPU.Build.0 = Release|Any CPU
		{31470A64-5FFD-445D-8479-33B29CB78F37}.Debug|Any CPU.ActiveCfg = Debug|Any CPU
		{31470A64-5FFD-445D-8479-33B29CB78F37}.Debug|Any CPU.Build.0 = Debug|Any CPU
		{31470A64-5FFD-445D-8479-33B29CB78F37}.Release|Any CPU.ActiveCfg = Release|Any CPU
		{31470A64-5FFD-445D-8479-33B29CB78F37}.Release|Any CPU.Build.0 = Release|Any CPU
	EndGlobalSection
EndGlobal
